// !$*UTF8*$!
{
	archiveVersion = 1;
	classes = {
	};
	objectVersion = 50;
	objects = {

/* Begin PBXBuildFile section */
		6F15001021BD69F100A1158A /* AppDelegate.swift in Sources */ = {isa = PBXBuildFile; fileRef = 6F15000F21BD69F100A1158A /* AppDelegate.swift */; };
		6F15001721BD69F200A1158A /* Assets.xcassets in Resources */ = {isa = PBXBuildFile; fileRef = 6F15001621BD69F200A1158A /* Assets.xcassets */; };
		6F15001A21BD69F200A1158A /* LaunchScreen.storyboard in Resources */ = {isa = PBXBuildFile; fileRef = 6F15001821BD69F200A1158A /* LaunchScreen.storyboard */; };
		6F15002221BD6A8700A1158A /* CollectionViewController.swift in Sources */ = {isa = PBXBuildFile; fileRef = 6F15002121BD6A8700A1158A /* CollectionViewController.swift */; };
		6F15002421BD6AF700A1158A /* CollectionViewDataSource.swift in Sources */ = {isa = PBXBuildFile; fileRef = 6F15002321BD6AF700A1158A /* CollectionViewDataSource.swift */; };
		6F15002821BD839700A1158A /* Data.swift in Sources */ = {isa = PBXBuildFile; fileRef = 6F15002721BD839700A1158A /* Data.swift */; };
		6F15002E21BD840400A1158A /* Cell.swift in Sources */ = {isa = PBXBuildFile; fileRef = 6F15002D21BD840400A1158A /* Cell.swift */; };
		6FEE42D621C2DEF6008063AB /* ScrolableCell.swift in Sources */ = {isa = PBXBuildFile; fileRef = 6FEE42D521C2DEF6008063AB /* ScrolableCell.swift */; };
/* End PBXBuildFile section */

/* Begin PBXFileReference section */
		6F15000C21BD69F100A1158A /* GenericCollectionView.app */ = {isa = PBXFileReference; explicitFileType = wrapper.application; includeInIndex = 0; path = GenericCollectionView.app; sourceTree = BUILT_PRODUCTS_DIR; };
		6F15000F21BD69F100A1158A /* AppDelegate.swift */ = {isa = PBXFileReference; lastKnownFileType = sourcecode.swift; path = AppDelegate.swift; sourceTree = "<group>"; };
		6F15001621BD69F200A1158A /* Assets.xcassets */ = {isa = PBXFileReference; lastKnownFileType = folder.assetcatalog; path = Assets.xcassets; sourceTree = "<group>"; };
		6F15001921BD69F200A1158A /* Base */ = {isa = PBXFileReference; lastKnownFileType = file.storyboard; name = Base; path = Base.lproj/LaunchScreen.storyboard; sourceTree = "<group>"; };
		6F15001B21BD69F200A1158A /* Info.plist */ = {isa = PBXFileReference; lastKnownFileType = text.plist.xml; path = Info.plist; sourceTree = "<group>"; };
		6F15002121BD6A8700A1158A /* CollectionViewController.swift */ = {isa = PBXFileReference; lastKnownFileType = sourcecode.swift; path = CollectionViewController.swift; sourceTree = "<group>"; };
		6F15002321BD6AF700A1158A /* CollectionViewDataSource.swift */ = {isa = PBXFileReference; lastKnownFileType = sourcecode.swift; path = CollectionViewDataSource.swift; sourceTree = "<group>"; };
		6F15002721BD839700A1158A /* Data.swift */ = {isa = PBXFileReference; lastKnownFileType = sourcecode.swift; path = Data.swift; sourceTree = "<group>"; };
		6F15002D21BD840400A1158A /* Cell.swift */ = {isa = PBXFileReference; lastKnownFileType = sourcecode.swift; path = Cell.swift; sourceTree = "<group>"; };
		6FEE42D521C2DEF6008063AB /* ScrolableCell.swift */ = {isa = PBXFileReference; lastKnownFileType = sourcecode.swift; path = ScrolableCell.swift; sourceTree = "<group>"; };
/* End PBXFileReference section */

/* Begin PBXFrameworksBuildPhase section */
		6F15000921BD69F100A1158A /* Frameworks */ = {
			isa = PBXFrameworksBuildPhase;
			buildActionMask = 2147483647;
			files = (
			);
			runOnlyForDeploymentPostprocessing = 0;
		};
/* End PBXFrameworksBuildPhase section */

/* Begin PBXGroup section */
		6F15000321BD69F100A1158A = {
			isa = PBXGroup;
			children = (
				6F15000E21BD69F100A1158A /* GenericCollectionView */,
				6F15000D21BD69F100A1158A /* Products */,
			);
			sourceTree = "<group>";
		};
		6F15000D21BD69F100A1158A /* Products */ = {
			isa = PBXGroup;
			children = (
				6F15000C21BD69F100A1158A /* GenericCollectionView.app */,
			);
			name = Products;
			sourceTree = "<group>";
		};
		6F15000E21BD69F100A1158A /* GenericCollectionView */ = {
			isa = PBXGroup;
			children = (
				6F15000F21BD69F100A1158A /* AppDelegate.swift */,
				6F15001621BD69F200A1158A /* Assets.xcassets */,
				6F15001821BD69F200A1158A /* LaunchScreen.storyboard */,
				6F15001B21BD69F200A1158A /* Info.plist */,
				6F15002121BD6A8700A1158A /* CollectionViewController.swift */,
				6F15002321BD6AF700A1158A /* CollectionViewDataSource.swift */,
				6F15002721BD839700A1158A /* Data.swift */,
				6F15002D21BD840400A1158A /* Cell.swift */,
				6FEE42D521C2DEF6008063AB /* ScrolableCell.swift */,
			);
			path = GenericCollectionView;
			sourceTree = "<group>";
		};
/* End PBXGroup section */

/* Begin PBXNativeTarget section */
		6F15000B21BD69F100A1158A /* GenericCollectionView */ = {
			isa = PBXNativeTarget;
			buildConfigurationList = 6F15001E21BD69F200A1158A /* Build configuration list for PBXNativeTarget "GenericCollectionView" */;
			buildPhases = (
				6F15000821BD69F100A1158A /* Sources */,
				6F15000921BD69F100A1158A /* Frameworks */,
				6F15000A21BD69F100A1158A /* Resources */,
			);
			buildRules = (
			);
			dependencies = (
			);
			name = GenericCollectionView;
			productName = GenericCollectionView;
			productReference = 6F15000C21BD69F100A1158A /* GenericCollectionView.app */;
			productType = "com.apple.product-type.application";
		};
/* End PBXNativeTarget section */

/* Begin PBXProject section */
		6F15000421BD69F100A1158A /* Project object */ = {
			isa = PBXProject;
			attributes = {
				LastSwiftUpdateCheck = 1010;
				LastUpgradeCheck = 1010;
				ORGANIZATIONNAME = "Mariusz Sut";
				TargetAttributes = {
					6F15000B21BD69F100A1158A = {
						CreatedOnToolsVersion = 10.1;
					};
				};
			};
			buildConfigurationList = 6F15000721BD69F100A1158A /* Build configuration list for PBXProject "GenericCollectionView" */;
			compatibilityVersion = "Xcode 9.3";
			developmentRegion = en;
			hasScannedForEncodings = 0;
			knownRegions = (
				en,
				Base,
			);
			mainGroup = 6F15000321BD69F100A1158A;
			productRefGroup = 6F15000D21BD69F100A1158A /* Products */;
			projectDirPath = "";
			projectRoot = "";
			targets = (
				6F15000B21BD69F100A1158A /* GenericCollectionView */,
			);
		};
/* End PBXProject section */

/* Begin PBXResourcesBuildPhase section */
		6F15000A21BD69F100A1158A /* Resources */ = {
			isa = PBXResourcesBuildPhase;
			buildActionMask = 2147483647;
			files = (
				6F15001A21BD69F200A1158A /* LaunchScreen.storyboard in Resources */,
				6F15001721BD69F200A1158A /* Assets.xcassets in Resources */,
			);
			runOnlyForDeploymentPostprocessing = 0;
		};
/* End PBXResourcesBuildPhase section */

/* Begin PBXSourcesBuildPhase section */
		6F15000821BD69F100A1158A /* Sources */ = {
			isa = PBXSourcesBuildPhase;
			buildActionMask = 2147483647;
			files = (
				6F15002221BD6A8700A1158A /* CollectionViewController.swift in Sources */,
				6FEE42D621C2DEF6008063AB /* ScrolableCell.swift in Sources */,
				6F15002E21BD840400A1158A /* Cell.swift in Sources */,
				6F15001021BD69F100A1158A /* AppDelegate.swift in Sources */,
				6F15002821BD839700A1158A /* Data.swift in Sources */,
				6F15002421BD6AF700A1158A /* CollectionViewDataSource.swift in Sources */,
			);
			runOnlyForDeploymentPostprocessing = 0;
		};
/* End PBXSourcesBuildPhase section */

/* Begin PBXVariantGroup section */
		6F15001821BD69F200A1158A /* LaunchScreen.storyboard */ = {
			isa = PBXVariantGroup;
			children = (
				6F15001921BD69F200A1158A /* Base */,
			);
			name = LaunchScreen.storyboard;
			sourceTree = "<group>";
		};
/* End PBXVariantGroup section */

/* Begin XCBuildConfiguration section */
		6F15001C21BD69F200A1158A /* Debug */ = {
			isa = XCBuildConfiguration;
			buildSettings = {
				ALWAYS_SEARCH_USER_PATHS = NO;
				CLANG_ANALYZER_NONNULL = YES;
				CLANG_ANALYZER_NUMBER_OBJECT_CONVERSION = YES_AGGRESSIVE;
				CLANG_CXX_LANGUAGE_STANDARD = "gnu++14";
				CLANG_CXX_LIBRARY = "libc++";
				CLANG_ENABLE_MODULES = YES;
				CLANG_ENABLE_OBJC_ARC = YES;
				CLANG_ENABLE_OBJC_WEAK = YES;
				CLANG_WARN_BLOCK_CAPTURE_AUTORELEASING = YES;
				CLANG_WARN_BOOL_CONVERSION = YES;
				CLANG_WARN_COMMA = YES;
				CLANG_WARN_CONSTANT_CONVERSION = YES;
				CLANG_WARN_DEPRECATED_OBJC_IMPLEMENTATIONS = YES;
				CLANG_WARN_DIRECT_OBJC_ISA_USAGE = YES_ERROR;
				CLANG_WARN_DOCUMENTATION_COMMENTS = YES;
				CLANG_WARN_EMPTY_BODY = YES;
				CLANG_WARN_ENUM_CONVERSION = YES;
				CLANG_WARN_INFINITE_RECURSION = YES;
				CLANG_WARN_INT_CONVERSION = YES;
				CLANG_WARN_NON_LITERAL_NULL_CONVERSION = YES;
				CLANG_WARN_OBJC_IMPLICIT_RETAIN_SELF = YES;
				CLANG_WARN_OBJC_LITERAL_CONVERSION = YES;
				CLANG_WARN_OBJC_ROOT_CLASS = YES_ERROR;
				CLANG_WARN_RANGE_LOOP_ANALYSIS = YES;
				CLANG_WARN_STRICT_PROTOTYPES = YES;
				CLANG_WARN_SUSPICIOUS_MOVE = YES;
				CLANG_WARN_UNGUARDED_AVAILABILITY = YES_AGGRESSIVE;
				CLANG_WARN_UNREACHABLE_CODE = YES;
				CLANG_WARN__DUPLICATE_METHOD_MATCH = YES;
				CODE_SIGN_IDENTITY = "iPhone Developer";
				COPY_PHASE_STRIP = NO;
				DEBUG_INFORMATION_FORMAT = dwarf;
				ENABLE_STRICT_OBJC_MSGSEND = YES;
				ENABLE_TESTABILITY = YES;
				GCC_C_LANGUAGE_STANDARD = gnu11;
				GCC_DYNAMIC_NO_PIC = NO;
				GCC_NO_COMMON_BLOCKS = YES;
				GCC_OPTIMIZATION_LEVEL = 0;
				GCC_PREPROCESSOR_DEFINITIONS = (
					"DEBUG=1",
					"$(inherited)",
				);
				GCC_WARN_64_TO_32_BIT_CONVERSION = YES;
				GCC_WARN_ABOUT_RETURN_TYPE = YES_ERROR;
				GCC_WARN_UNDECLARED_SELECTOR = YES;
				GCC_WARN_UNINITIALIZED_AUTOS = YES_AGGRESSIVE;
				GCC_WARN_UNUSED_FUNCTION = YES;
				GCC_WARN_UNUSED_VARIABLE = YES;
				IPHONEOS_DEPLOYMENT_TARGET = 12.1;
				MTL_ENABLE_DEBUG_INFO = INCLUDE_SOURCE;
				MTL_FAST_MATH = YES;
				ONLY_ACTIVE_ARCH = YES;
				SDKROOT = iphoneos;
				SWIFT_ACTIVE_COMPILATION_CONDITIONS = DEBUG;
				SWIFT_OPTIMIZATION_LEVEL = "-Onone";
			};
			name = Debug;
		};
		6F15001D21BD69F200A1158A /* Release */ = {
			isa = XCBuildConfiguration;
			buildSettings = {
				ALWAYS_SEARCH_USER_PATHS = NO;
				CLANG_ANALYZER_NONNULL = YES;
				CLANG_ANALYZER_NUMBER_OBJECT_CONVERSION = YES_AGGRESSIVE;
				CLANG_CXX_LANGUAGE_STANDARD = "gnu++14";
				CLANG_CXX_LIBRARY = "libc++";
				CLANG_ENABLE_MODULES = YES;
				CLANG_ENABLE_OBJC_ARC = YES;
				CLANG_ENABLE_OBJC_WEAK = YES;
				CLANG_WARN_BLOCK_CAPTURE_AUTORELEASING = YES;
				CLANG_WARN_BOOL_CONVERSION = YES;
				CLANG_WARN_COMMA = YES;
				CLANG_WARN_CONSTANT_CONVERSION = YES;
				CLANG_WARN_DEPRECATED_OBJC_IMPLEMENTATIONS = YES;
				CLANG_WARN_DIRECT_OBJC_ISA_USAGE = YES_ERROR;
				CLANG_WARN_DOCUMENTATION_COMMENTS = YES;
				CLANG_WARN_EMPTY_BODY = YES;
				CLANG_WARN_ENUM_CONVERSION = YES;
				CLANG_WARN_INFINITE_RECURSION = YES;
				CLANG_WARN_INT_CONVERSION = YES;
				CLANG_WARN_NON_LITERAL_NULL_CONVERSION = YES;
				CLANG_WARN_OBJC_IMPLICIT_RETAIN_SELF = YES;
				CLANG_WARN_OBJC_LITERAL_CONVERSION = YES;
				CLANG_WARN_OBJC_ROOT_CLASS = YES_ERROR;
				CLANG_WARN_RANGE_LOOP_ANALYSIS = YES;
				CLANG_WARN_STRICT_PROTOTYPES = YES;
				CLANG_WARN_SUSPICIOUS_MOVE = YES;
				CLANG_WARN_UNGUARDED_AVAILABILITY = YES_AGGRESSIVE;
				CLANG_WARN_UNREACHABLE_CODE = YES;
				CLANG_WARN__DUPLICATE_METHOD_MATCH = YES;
				CODE_SIGN_IDENTITY = "iPhone Developer";
				COPY_PHASE_STRIP = NO;
				DEBUG_INFORMATION_FORMAT = "dwarf-with-dsym";
				ENABLE_NS_ASSERTIONS = NO;
				ENABLE_STRICT_OBJC_MSGSEND = YES;
				GCC_C_LANGUAGE_STANDARD = gnu11;
				GCC_NO_COMMON_BLOCKS = YES;
				GCC_WARN_64_TO_32_BIT_CONVERSION = YES;
				GCC_WARN_ABOUT_RETURN_TYPE = YES_ERROR;
				GCC_WARN_UNDECLARED_SELECTOR = YES;
				GCC_WARN_UNINITIALIZED_AUTOS = YES_AGGRESSIVE;
				GCC_WARN_UNUSED_FUNCTION = YES;
				GCC_WARN_UNUSED_VARIABLE = YES;
				IPHONEOS_DEPLOYMENT_TARGET = 12.1;
				MTL_ENABLE_DEBUG_INFO = NO;
				MTL_FAST_MATH = YES;
				SDKROOT = iphoneos;
				SWIFT_COMPILATION_MODE = wholemodule;
				SWIFT_OPTIMIZATION_LEVEL = "-O";
				VALIDATE_PRODUCT = YES;
			};
			name = Release;
		};
		6F15001F21BD69F200A1158A /* Debug */ = {
			isa = XCBuildConfiguration;
			buildSettings = {
				ASSETCATALOG_COMPILER_APPICON_NAME = AppIcon;
				CODE_SIGN_STYLE = Automatic;
				DEVELOPMENT_TEAM = F8MY77QSLQ;
				INFOPLIST_FILE = GenericCollectionView/Info.plist;
				LD_RUNPATH_SEARCH_PATHS = (
					"$(inherited)",
					"@executable_path/Frameworks",
				);
				PRODUCT_BUNDLE_IDENTIFIER = com.msut.GenericCollectionView;
				PRODUCT_NAME = "$(TARGET_NAME)";
				SWIFT_VERSION = 4.2;
				TARGETED_DEVICE_FAMILY = "1,2";
			};
			name = Debug;
		};
		6F15002021BD69F200A1158A /* Release */ = {
			isa = XCBuildConfiguration;
			buildSettings = {
				ASSETCATALOG_COMPILER_APPICON_NAME = AppIcon;
				CODE_SIGN_STYLE = Automatic;
				DEVELOPMENT_TEAM = F8MY77QSLQ;
				INFOPLIST_FILE = GenericCollectionView/Info.plist;
				LD_RUNPATH_SEARCH_PATHS = (
					"$(inherited)",
					"@executable_path/Frameworks",
				);
				PRODUCT_BUNDLE_IDENTIFIER = com.msut.GenericCollectionView;
				PRODUCT_NAME = "$(TARGET_NAME)";
				SWIFT_VERSION = 4.2;
				TARGETED_DEVICE_FAMILY = "1,2";
			};
			name = Release;
		};
/* End XCBuildConfiguration section */

/* Begin XCConfigurationList section */
		6F15000721BD69F100A1158A /* Build configuration list for PBXProject "GenericCollectionView" */ = {
			isa = XCConfigurationList;
			buildConfigurations = (
				6F15001C21BD69F200A1158A /* Debug */,
				6F15001D21BD69F200A1158A /* Release */,
			);
			defaultConfigurationIsVisible = 0;
			defaultConfigurationName = Release;
		};
		6F15001E21BD69F200A1158A /* Build configuration list for PBXNativeTarget "GenericCollectionView" */ = {
			isa = XCConfigurationList;
			buildConfigurations = (
				6F15001F21BD69F200A1158A /* Debug */,
				6F15002021BD69F200A1158A /* Release */,
			);
			defaultConfigurationIsVisible = 0;
			defaultConfigurationName = Release;
		};
/* End XCConfigurationList section */
	};
	rootObject = 6F15000421BD69F100A1158A /* Project object */;
}
